
Microsoft Visual Studio Solution File, Format Version 12.00
# Visual Studio Version 17
VisualStudioVersion = 17.9.34723.18
MinimumVisualStudioVersion = 10.0.40219.1
Project("{FAE04EC0-301F-11D3-BF4B-00C04F79EFBC}") = "DrivingVehicleLicenseDepartmentPresentationLayer", "DrivingVehicleLicenseDepartmentPresentationLayer\DrivingVehicleLicenseDepartmentPresentationLayer.csproj", "{C962DCD4-54AD-4737-AB4D-2BDDE3C6F76A}"
EndProject
Project("{FAE04EC0-301F-11D3-BF4B-00C04F79EFBC}") = "BusinessLayerDrivingVehicleLicenseDepartment", "BusinessLayerDrivingVehicleLicenseDepartment\BusinessLayerDrivingVehicleLicenseDepartment.csproj", "{7DEDEFB4-EA42-42EA-AFDC-D135B410ED69}"
EndProject
Project("{FAE04EC0-301F-11D3-BF4B-00C04F79EFBC}") = "DrivingVehicleLicenseDepartmentDataAccessLayer", "DrivingVehicleLicenseDepartmentDataAccessLayer\DrivingVehicleLicenseDepartmentDataAccessLayer.csproj", "{93E7E9EC-D1B0-4D06-A0B1-E9B522B45731}"
EndProject
Global
	GlobalSection(SolutionConfigurationPlatforms) = preSolution
		Debug|Any CPU = Debug|Any CPU
		Release|Any CPU = Release|Any CPU
	EndGlobalSection
	GlobalSection(ProjectConfigurationPlatforms) = postSolution
		{C962DCD4-54AD-4737-AB4D-2BDDE3C6F76A}.Debug|Any CPU.ActiveCfg = Debug|Any CPU
		{C962DCD4-54AD-4737-AB4D-2BDDE3C6F76A}.Debug|Any CPU.Build.0 = Debug|Any CPU
		{C962DCD4-54AD-4737-AB4D-2BDDE3C6F76A}.Release|Any CPU.ActiveCfg = Release|Any CPU
		{C962DCD4-54AD-4737-AB4D-2BDDE3C6F76A}.Release|Any CPU.Build.0 = Release|Any CPU
		{7DEDEFB4-EA42-42EA-AFDC-D135B410ED69}.Debug|Any CPU.ActiveCfg = Debug|Any CPU
		{7DEDEFB4-EA42-42EA-AFDC-D135B410ED69}.Debug|Any CPU.Build.0 = Debug|Any CPU
		{7DEDEFB4-EA42-42EA-AFDC-D135B410ED69}.Release|Any CPU.ActiveCfg = Release|Any CPU
		{7DEDEFB4-EA42-42EA-AFDC-D135B410ED69}.Release|Any CPU.Build.0 = Release|Any CPU
		{93E7E9EC-D1B0-4D06-A0B1-E9B522B45731}.Debug|Any CPU.ActiveCfg = Debug|Any CPU
		{93E7E9EC-D1B0-4D06-A0B1-E9B522B45731}.Debug|Any CPU.Build.0 = Debug|Any CPU
		{93E7E9EC-D1B0-4D06-A0B1-E9B522B45731}.Release|Any CPU.ActiveCfg = Release|Any CPU
		{93E7E9EC-D1B0-4D06-A0B1-E9B522B45731}.Release|Any CPU.Build.0 = Release|Any CPU
	EndGlobalSection
	GlobalSection(SolutionProperties) = preSolution
		HideSolutionNode = FALSE
	EndGlobalSection
	GlobalSection(ExtensibilityGlobals) = postSolution
		SolutionGuid = {BAEE6A0C-8105-4B62-8CE7-A607145BEBCD}
	EndGlobalSection
EndGlobal
