
Microsoft Visual Studio Solution File, Format Version 12.00
# Visual Studio Version 17
VisualStudioVersion = 17.9.34723.18
MinimumVisualStudioVersion = 10.0.40219.1
Project("{FAE04EC0-301F-11D3-BF4B-00C04F79EFBC}") = "DrivingVehicleLicenseDepartment", "DrivingVehicleLicenseDepartment\DrivingVehicleLicenseDepartment.csproj", "{A1B65F45-80F7-4824-9B35-85C96B9FA140}"
EndProject
Global
	GlobalSection(SolutionConfigurationPlatforms) = preSolution
		Debug|Any CPU = Debug|Any CPU
		Release|Any CPU = Release|Any CPU
	EndGlobalSection
	GlobalSection(ProjectConfigurationPlatforms) = postSolution
		{A1B65F45-80F7-4824-9B35-85C96B9FA140}.Debug|Any CPU.ActiveCfg = Debug|Any CPU
		{A1B65F45-80F7-4824-9B35-85C96B9FA140}.Debug|Any CPU.Build.0 = Debug|Any CPU
		{A1B65F45-80F7-4824-9B35-85C96B9FA140}.Release|Any CPU.ActiveCfg = Release|Any CPU
		{A1B65F45-80F7-4824-9B35-85C96B9FA140}.Release|Any CPU.Build.0 = Release|Any CPU
	EndGlobalSection
	GlobalSection(SolutionProperties) = preSolution
		HideSolutionNode = FALSE
	EndGlobalSection
	GlobalSection(ExtensibilityGlobals) = postSolution
		SolutionGuid = {BAEE6A0C-8105-4B62-8CE7-A607145BEBCD}
	EndGlobalSection
EndGlobal
